{
  "name": "npm install",
  "lockfileVersion": 3,
  "requires": true,
  "packages": {
    "": {
      "dependencies": {
        "calculatorbackend-day1": "^1.0.0"
      }
    },
    "node_modules/calculatorbackend-day1": {
      "version": "1.0.0",
      "resolved": "https://registry.npmjs.org/calculatorbackend-day1/-/calculatorbackend-day1-1.0.0.tgz",
      "integrity": "sha512-sH8rPrV26+9UDZeuwVHBh/SGO6i4mKTKCBQC4nu8qJYC83ewuSRg1ohiu8dUAAmkCgaxKMGv1Eo8RUMAAZBb2w==",
      "license": "ISC"
    }
  }
}
